
Microsoft Visual Studio Solution File, Format Version 12.00
# Visual Studio Version 17
VisualStudioVersion = 17.9.34622.214
MinimumVisualStudioVersion = 10.0.40219.1
Project("{2150E333-8FDC-42A3-9474-1A3956D46DE8}") = "Tests", "Tests", "{8547C22B-A4C1-4EB7-B7CB-410B092C607C}"
EndProject
Project("{2150E333-8FDC-42A3-9474-1A3956D46DE8}") = "Applications", "Applications", "{FEAB13A5-2CF1-4F1E-B395-1372BE1059BA}"
EndProject
Project("{2150E333-8FDC-42A3-9474-1A3956D46DE8}") = "DataStructures", "DataStructures", "{3167EBEE-7DEF-410C-8490-2AFEB64A768A}"
EndProject
Project("{2150E333-8FDC-42A3-9474-1A3956D46DE8}") = "UIs", "UIs", "{6B772C92-CB2B-4866-B0DA-131FF3B1DC09}"
EndProject
Project("{9A19103F-16F7-4668-BE54-9A1E7A4F7556}") = "ValueAndReferenceTypes", "ValueAndReferenceTypes\ValueAndReferenceTypes.csproj", "{4803C8B7-215E-4B71-8012-45014D08BD2F}"
EndProject
Project("{9A19103F-16F7-4668-BE54-9A1E7A4F7556}") = "ValueAndRefTypeApp", "ValueAndRefTypeApp\ValueAndRefTypeApp.csproj", "{A26FC287-511F-4E8F-8BA6-6F585468F116}"
EndProject
Project("{2150E333-8FDC-42A3-9474-1A3956D46DE8}") = "ApplicationsTests", "ApplicationsTests", "{092DCF44-7ED9-41C7-BF03-DC6273502737}"
EndProject
Project("{9A19103F-16F7-4668-BE54-9A1E7A4F7556}") = "ValueAndReferenceTypesTests", "ValueAndReferenceTypesTests\ValueAndReferenceTypesTests.csproj", "{CC18E866-2208-4D00-9F93-DA6B8F4ED50A}"
EndProject
Project("{9A19103F-16F7-4668-BE54-9A1E7A4F7556}") = "Arrray", "Array\Arrray.csproj", "{5EA8E284-B92D-442D-9D52-86C770D90770}"
EndProject
Project("{9A19103F-16F7-4668-BE54-9A1E7A4F7556}") = "ArrayApp", "ArrayApp\ArrayApp.csproj", "{C8F99D9E-2BC1-4BF3-8DE0-41E3F7854CA7}"
EndProject
Project("{2150E333-8FDC-42A3-9474-1A3956D46DE8}") = "ArrayTest", "ArrayTest", "{43CB25EE-324B-4EF1-BEF9-7080A1113C3E}"
EndProject
Project("{9A19103F-16F7-4668-BE54-9A1E7A4F7556}") = "ArrayTest", "ArrayTest\ArrayTest.csproj", "{55779D5A-03A9-4E53-A99D-13458ADF0CBB}"
EndProject
Project("{9A19103F-16F7-4668-BE54-9A1E7A4F7556}") = "CollectionsTests", "CollectionsTests\CollectionsTests.csproj", "{3A64BE6C-4244-43D0-8D7F-452CB5AE7A27}"
EndProject
Project("{9A19103F-16F7-4668-BE54-9A1E7A4F7556}") = "LinkedListApp", "LinkedListApp\LinkedListApp.csproj", "{9A464730-5FD9-40D8-AF6F-6B7AEB9E99BB}"
EndProject
Project("{9A19103F-16F7-4668-BE54-9A1E7A4F7556}") = "LinkedList", "LinkedList\LinkedList.csproj", "{9A8F5C62-DD0C-4C6E-BC8C-4672848608BC}"
EndProject
Project("{9A19103F-16F7-4668-BE54-9A1E7A4F7556}") = "LinkedListTests", "LinkedListTests\LinkedListTests.csproj", "{9BC5460E-B273-4C4F-83D7-CFE0DFF99AE9}"
EndProject
Project("{9A19103F-16F7-4668-BE54-9A1E7A4F7556}") = "LinkedListProblem", "LinkedListProblem\LinkedListProblem.csproj", "{BB4E8361-8B55-4F24-93D3-661FA3E3E7D9}"
EndProject
Project("{9A19103F-16F7-4668-BE54-9A1E7A4F7556}") = "Stack", "Stack\Stack.csproj", "{8C2C7968-83F0-4832-A9EF-C955CAB06E58}"
EndProject
Project("{9A19103F-16F7-4668-BE54-9A1E7A4F7556}") = "StackApp", "StackApp\StackApp.csproj", "{8A94E1B8-8317-468E-914A-331E6B0F17BC}"
EndProject
Project("{2150E333-8FDC-42A3-9474-1A3956D46DE8}") = "DataStructuresTests", "DataStructuresTests", "{3BD80C50-3FD9-4370-8CB0-3142D8DB1E5C}"
EndProject
Project("{9A19103F-16F7-4668-BE54-9A1E7A4F7556}") = "StackTests", "StackTests\StackTests.csproj", "{9969ED0C-FDE3-4981-A051-CF3582F6B23B}"
EndProject
Project("{FAE04EC0-301F-11D3-BF4B-00C04F79EFBC}") = "Queue", "Queue\Queue.csproj", "{50654ED0-2CB9-43EA-8484-03D794FE26F4}"
EndProject
Project("{FAE04EC0-301F-11D3-BF4B-00C04F79EFBC}") = "QueueApp", "QueueApp\QueueApp.csproj", "{EFB73D4B-3201-4609-B84F-36439D7CEC48}"
EndProject
Project("{FAE04EC0-301F-11D3-BF4B-00C04F79EFBC}") = "QueueTest", "QueueTest\QueueTest.csproj", "{857C496D-F517-4B4A-8344-93EFF306339D}"
EndProject
Global
	GlobalSection(SolutionConfigurationPlatforms) = preSolution
		Debug|Any CPU = Debug|Any CPU
		Release|Any CPU = Release|Any CPU
	EndGlobalSection
	GlobalSection(ProjectConfigurationPlatforms) = postSolution
		{4803C8B7-215E-4B71-8012-45014D08BD2F}.Debug|Any CPU.ActiveCfg = Debug|Any CPU
		{4803C8B7-215E-4B71-8012-45014D08BD2F}.Debug|Any CPU.Build.0 = Debug|Any CPU
		{4803C8B7-215E-4B71-8012-45014D08BD2F}.Release|Any CPU.ActiveCfg = Release|Any CPU
		{4803C8B7-215E-4B71-8012-45014D08BD2F}.Release|Any CPU.Build.0 = Release|Any CPU
		{A26FC287-511F-4E8F-8BA6-6F585468F116}.Debug|Any CPU.ActiveCfg = Debug|Any CPU
		{A26FC287-511F-4E8F-8BA6-6F585468F116}.Debug|Any CPU.Build.0 = Debug|Any CPU
		{A26FC287-511F-4E8F-8BA6-6F585468F116}.Release|Any CPU.ActiveCfg = Release|Any CPU
		{A26FC287-511F-4E8F-8BA6-6F585468F116}.Release|Any CPU.Build.0 = Release|Any CPU
		{CC18E866-2208-4D00-9F93-DA6B8F4ED50A}.Debug|Any CPU.ActiveCfg = Debug|Any CPU
		{CC18E866-2208-4D00-9F93-DA6B8F4ED50A}.Debug|Any CPU.Build.0 = Debug|Any CPU
		{CC18E866-2208-4D00-9F93-DA6B8F4ED50A}.Release|Any CPU.ActiveCfg = Release|Any CPU
		{CC18E866-2208-4D00-9F93-DA6B8F4ED50A}.Release|Any CPU.Build.0 = Release|Any CPU
		{5EA8E284-B92D-442D-9D52-86C770D90770}.Debug|Any CPU.ActiveCfg = Debug|Any CPU
		{5EA8E284-B92D-442D-9D52-86C770D90770}.Debug|Any CPU.Build.0 = Debug|Any CPU
		{5EA8E284-B92D-442D-9D52-86C770D90770}.Release|Any CPU.ActiveCfg = Release|Any CPU
		{5EA8E284-B92D-442D-9D52-86C770D90770}.Release|Any CPU.Build.0 = Release|Any CPU
		{C8F99D9E-2BC1-4BF3-8DE0-41E3F7854CA7}.Debug|Any CPU.ActiveCfg = Debug|Any CPU
		{C8F99D9E-2BC1-4BF3-8DE0-41E3F7854CA7}.Debug|Any CPU.Build.0 = Debug|Any CPU
		{C8F99D9E-2BC1-4BF3-8DE0-41E3F7854CA7}.Release|Any CPU.ActiveCfg = Release|Any CPU
		{C8F99D9E-2BC1-4BF3-8DE0-41E3F7854CA7}.Release|Any CPU.Build.0 = Release|Any CPU
		{55779D5A-03A9-4E53-A99D-13458ADF0CBB}.Debug|Any CPU.ActiveCfg = Debug|Any CPU
		{55779D5A-03A9-4E53-A99D-13458ADF0CBB}.Debug|Any CPU.Build.0 = Debug|Any CPU
		{55779D5A-03A9-4E53-A99D-13458ADF0CBB}.Release|Any CPU.ActiveCfg = Release|Any CPU
		{55779D5A-03A9-4E53-A99D-13458ADF0CBB}.Release|Any CPU.Build.0 = Release|Any CPU
		{3A64BE6C-4244-43D0-8D7F-452CB5AE7A27}.Debug|Any CPU.ActiveCfg = Debug|Any CPU
		{3A64BE6C-4244-43D0-8D7F-452CB5AE7A27}.Debug|Any CPU.Build.0 = Debug|Any CPU
		{3A64BE6C-4244-43D0-8D7F-452CB5AE7A27}.Release|Any CPU.ActiveCfg = Release|Any CPU
		{3A64BE6C-4244-43D0-8D7F-452CB5AE7A27}.Release|Any CPU.Build.0 = Release|Any CPU
		{9A464730-5FD9-40D8-AF6F-6B7AEB9E99BB}.Debug|Any CPU.ActiveCfg = Debug|Any CPU
		{9A464730-5FD9-40D8-AF6F-6B7AEB9E99BB}.Debug|Any CPU.Build.0 = Debug|Any CPU
		{9A464730-5FD9-40D8-AF6F-6B7AEB9E99BB}.Release|Any CPU.ActiveCfg = Release|Any CPU
		{9A464730-5FD9-40D8-AF6F-6B7AEB9E99BB}.Release|Any CPU.Build.0 = Release|Any CPU
		{9A8F5C62-DD0C-4C6E-BC8C-4672848608BC}.Debug|Any CPU.ActiveCfg = Debug|Any CPU
		{9A8F5C62-DD0C-4C6E-BC8C-4672848608BC}.Debug|Any CPU.Build.0 = Debug|Any CPU
		{9A8F5C62-DD0C-4C6E-BC8C-4672848608BC}.Release|Any CPU.ActiveCfg = Release|Any CPU
		{9A8F5C62-DD0C-4C6E-BC8C-4672848608BC}.Release|Any CPU.Build.0 = Release|Any CPU
		{9BC5460E-B273-4C4F-83D7-CFE0DFF99AE9}.Debug|Any CPU.ActiveCfg = Debug|Any CPU
		{9BC5460E-B273-4C4F-83D7-CFE0DFF99AE9}.Debug|Any CPU.Build.0 = Debug|Any CPU
		{9BC5460E-B273-4C4F-83D7-CFE0DFF99AE9}.Release|Any CPU.ActiveCfg = Release|Any CPU
		{9BC5460E-B273-4C4F-83D7-CFE0DFF99AE9}.Release|Any CPU.Build.0 = Release|Any CPU
		{BB4E8361-8B55-4F24-93D3-661FA3E3E7D9}.Debug|Any CPU.ActiveCfg = Debug|Any CPU
		{BB4E8361-8B55-4F24-93D3-661FA3E3E7D9}.Debug|Any CPU.Build.0 = Debug|Any CPU
		{BB4E8361-8B55-4F24-93D3-661FA3E3E7D9}.Release|Any CPU.ActiveCfg = Release|Any CPU
		{BB4E8361-8B55-4F24-93D3-661FA3E3E7D9}.Release|Any CPU.Build.0 = Release|Any CPU
		{8C2C7968-83F0-4832-A9EF-C955CAB06E58}.Debug|Any CPU.ActiveCfg = Debug|Any CPU
		{8C2C7968-83F0-4832-A9EF-C955CAB06E58}.Debug|Any CPU.Build.0 = Debug|Any CPU
		{8C2C7968-83F0-4832-A9EF-C955CAB06E58}.Release|Any CPU.ActiveCfg = Release|Any CPU
		{8C2C7968-83F0-4832-A9EF-C955CAB06E58}.Release|Any CPU.Build.0 = Release|Any CPU
		{8A94E1B8-8317-468E-914A-331E6B0F17BC}.Debug|Any CPU.ActiveCfg = Debug|Any CPU
		{8A94E1B8-8317-468E-914A-331E6B0F17BC}.Debug|Any CPU.Build.0 = Debug|Any CPU
		{8A94E1B8-8317-468E-914A-331E6B0F17BC}.Release|Any CPU.ActiveCfg = Release|Any CPU
		{8A94E1B8-8317-468E-914A-331E6B0F17BC}.Release|Any CPU.Build.0 = Release|Any CPU
		{9969ED0C-FDE3-4981-A051-CF3582F6B23B}.Debug|Any CPU.ActiveCfg = Debug|Any CPU
		{9969ED0C-FDE3-4981-A051-CF3582F6B23B}.Debug|Any CPU.Build.0 = Debug|Any CPU
		{9969ED0C-FDE3-4981-A051-CF3582F6B23B}.Release|Any CPU.ActiveCfg = Release|Any CPU
		{9969ED0C-FDE3-4981-A051-CF3582F6B23B}.Release|Any CPU.Build.0 = Release|Any CPU
		{50654ED0-2CB9-43EA-8484-03D794FE26F4}.Debug|Any CPU.ActiveCfg = Debug|Any CPU
		{50654ED0-2CB9-43EA-8484-03D794FE26F4}.Debug|Any CPU.Build.0 = Debug|Any CPU
		{50654ED0-2CB9-43EA-8484-03D794FE26F4}.Release|Any CPU.ActiveCfg = Release|Any CPU
		{50654ED0-2CB9-43EA-8484-03D794FE26F4}.Release|Any CPU.Build.0 = Release|Any CPU
		{EFB73D4B-3201-4609-B84F-36439D7CEC48}.Debug|Any CPU.ActiveCfg = Debug|Any CPU
		{EFB73D4B-3201-4609-B84F-36439D7CEC48}.Debug|Any CPU.Build.0 = Debug|Any CPU
		{EFB73D4B-3201-4609-B84F-36439D7CEC48}.Release|Any CPU.ActiveCfg = Release|Any CPU
		{EFB73D4B-3201-4609-B84F-36439D7CEC48}.Release|Any CPU.Build.0 = Release|Any CPU
		{857C496D-F517-4B4A-8344-93EFF306339D}.Debug|Any CPU.ActiveCfg = Debug|Any CPU
		{857C496D-F517-4B4A-8344-93EFF306339D}.Debug|Any CPU.Build.0 = Debug|Any CPU
		{857C496D-F517-4B4A-8344-93EFF306339D}.Release|Any CPU.ActiveCfg = Release|Any CPU
		{857C496D-F517-4B4A-8344-93EFF306339D}.Release|Any CPU.Build.0 = Release|Any CPU
	EndGlobalSection
	GlobalSection(SolutionProperties) = preSolution
		HideSolutionNode = FALSE
	EndGlobalSection
	GlobalSection(NestedProjects) = preSolution
		{4803C8B7-215E-4B71-8012-45014D08BD2F} = {FEAB13A5-2CF1-4F1E-B395-1372BE1059BA}
		{A26FC287-511F-4E8F-8BA6-6F585468F116} = {6B772C92-CB2B-4866-B0DA-131FF3B1DC09}
		{092DCF44-7ED9-41C7-BF03-DC6273502737} = {8547C22B-A4C1-4EB7-B7CB-410B092C607C}
		{CC18E866-2208-4D00-9F93-DA6B8F4ED50A} = {092DCF44-7ED9-41C7-BF03-DC6273502737}
		{5EA8E284-B92D-442D-9D52-86C770D90770} = {3167EBEE-7DEF-410C-8490-2AFEB64A768A}
		{C8F99D9E-2BC1-4BF3-8DE0-41E3F7854CA7} = {6B772C92-CB2B-4866-B0DA-131FF3B1DC09}
		{43CB25EE-324B-4EF1-BEF9-7080A1113C3E} = {3BD80C50-3FD9-4370-8CB0-3142D8DB1E5C}
		{55779D5A-03A9-4E53-A99D-13458ADF0CBB} = {43CB25EE-324B-4EF1-BEF9-7080A1113C3E}
		{3A64BE6C-4244-43D0-8D7F-452CB5AE7A27} = {092DCF44-7ED9-41C7-BF03-DC6273502737}
		{9A464730-5FD9-40D8-AF6F-6B7AEB9E99BB} = {6B772C92-CB2B-4866-B0DA-131FF3B1DC09}
		{9A8F5C62-DD0C-4C6E-BC8C-4672848608BC} = {3167EBEE-7DEF-410C-8490-2AFEB64A768A}
		{9BC5460E-B273-4C4F-83D7-CFE0DFF99AE9} = {3BD80C50-3FD9-4370-8CB0-3142D8DB1E5C}
		{BB4E8361-8B55-4F24-93D3-661FA3E3E7D9} = {6B772C92-CB2B-4866-B0DA-131FF3B1DC09}
		{8C2C7968-83F0-4832-A9EF-C955CAB06E58} = {3167EBEE-7DEF-410C-8490-2AFEB64A768A}
		{8A94E1B8-8317-468E-914A-331E6B0F17BC} = {6B772C92-CB2B-4866-B0DA-131FF3B1DC09}
		{3BD80C50-3FD9-4370-8CB0-3142D8DB1E5C} = {8547C22B-A4C1-4EB7-B7CB-410B092C607C}
		{9969ED0C-FDE3-4981-A051-CF3582F6B23B} = {3BD80C50-3FD9-4370-8CB0-3142D8DB1E5C}
		{50654ED0-2CB9-43EA-8484-03D794FE26F4} = {3167EBEE-7DEF-410C-8490-2AFEB64A768A}
		{EFB73D4B-3201-4609-B84F-36439D7CEC48} = {6B772C92-CB2B-4866-B0DA-131FF3B1DC09}
		{857C496D-F517-4B4A-8344-93EFF306339D} = {8547C22B-A4C1-4EB7-B7CB-410B092C607C}
	EndGlobalSection
	GlobalSection(ExtensibilityGlobals) = postSolution
		SolutionGuid = {E530252D-C596-4A0B-A342-8B9381792506}
	EndGlobalSection
EndGlobal
